
Microsoft Visual Studio Solution File, Format Version 12.00
# Visual Studio 15
VisualStudioVersion = 15.0.27004.2010
MinimumVisualStudioVersion = 10.0.40219.1
Project("{FAE04EC0-301F-11D3-BF4B-00C04F79EFBC}") = "Shadow and Planet", "Shadow and Planet\Shadow and Planet.csproj", "{87551D46-73B0-4784-946D-75EB12713A9D}"
EndProject
Global
	GlobalSection(SolutionConfigurationPlatforms) = preSolution
		Debug|Any CPU = Debug|Any CPU
		Release|Any CPU = Release|Any CPU
	EndGlobalSection
	GlobalSection(ProjectConfigurationPlatforms) = postSolution
		{87551D46-73B0-4784-946D-75EB12713A9D}.Debug|Any CPU.ActiveCfg = Debug|Any CPU
		{87551D46-73B0-4784-946D-75EB12713A9D}.Debug|Any CPU.Build.0 = Debug|Any CPU
		{87551D46-73B0-4784-946D-75EB12713A9D}.Release|Any CPU.ActiveCfg = Release|Any CPU
		{87551D46-73B0-4784-946D-75EB12713A9D}.Release|Any CPU.Build.0 = Release|Any CPU
	EndGlobalSection
	GlobalSection(SolutionProperties) = preSolution
		HideSolutionNode = FALSE
	EndGlobalSection
	GlobalSection(ExtensibilityGlobals) = postSolution
		SolutionGuid = {A84C6AB0-9144-47B8-8C20-92DA3A400AE9}
	EndGlobalSection
EndGlobal
